<?xml version="1.0" encoding="utf-8"?>
<Project ToolsVersion="4.0" xmlns="http://schemas.microsoft.com/developer/msbuild/2003">
  <ItemGroup>
    <Filter Include="Source Files">
      <UniqueIdentifier>{4FC737F1-C7A5-4376-A066-2A32D752A2FF}</UniqueIdentifier>
      <Extensions>cpp;c;cc;cxx;def;odl;idl;hpj;bat;asm;asmx</Extensions>
    </Filter>
    <Filter Include="Header Files">
      <UniqueIdentifier>{93995380-89BD-4b04-88EB-625FBE52EBFB}</UniqueIdentifier>
      <Extensions>h;hh;hpp;hxx;hm;inl;inc;ipp;xsd</Extensions>
    </Filter>
    <Filter Include="Resource Files">
      <UniqueIdentifier>{67DA6AB6-F800-4c08-8B7A-83BB121AAD01}</UniqueIdentifier>
      <Extensions>rc;ico;cur;bmp;dlg;rc2;rct;bin;rgs;gif;jpg;jpeg;jpe;resx;tiff;tif;png;wav;mfcribbon-ms</Extensions>
    </Filter>
    <Filter Include="Header Files\ECS">
      <UniqueIdentifier>{f79b9345-8bfe-4fcb-8f8b-26446b8efbc2}</UniqueIdentifier>
    </Filter>
    <Filter Include="Header Files\Processes">
      <UniqueIdentifier>{93c1fce7-f654-4b7d-a5e8-0b0ff5580ec6}</UniqueIdentifier>
    </Filter>
    <Filter Include="Header Files\Commands">
      <UniqueIdentifier>{ce39a474-6ec0-4331-9517-69032fd45449}</UniqueIdentifier>
    </Filter>
  </ItemGroup>
  <ItemGroup>
    <ClInclude Include="stdafx.h">
      <Filter>Header Files</Filter>
    </ClInclude>
    <ClInclude Include="targetver.h">
      <Filter>Header Files</Filter>
    </ClInclude>
    <ClInclude Include="Game.h">
      <Filter>Header Files</Filter>
    </ClInclude>
    <ClInclude Include="Constants.h">
      <Filter>Header Files</Filter>
    </ClInclude>
    <ClInclude Include="KeyboardHandler.h">
      <Filter>Header Files</Filter>
    </ClInclude>
    <ClInclude Include="TextureManager.h">
      <Filter>Header Files</Filter>
    </ClInclude>
    <ClInclude Include="AssetManager.h">
      <Filter>Header Files</Filter>
    </ClInclude>
    <ClInclude Include="Vector2D.h">
      <Filter>Header Files</Filter>
    </ClInclude>
    <ClInclude Include="ECS.h">
      <Filter>Header Files\ECS</Filter>
    </ClInclude>
    <ClInclude Include="SpriteComponent.h">
      <Filter>Header Files\ECS</Filter>
    </ClInclude>
    <ClInclude Include="Components.h">
      <Filter>Header Files\ECS</Filter>
    </ClInclude>
    <ClInclude Include="TransformComponent.h">
      <Filter>Header Files\ECS</Filter>
    </ClInclude>
    <ClInclude Include="ControllerComponent.h">
      <Filter>Header Files\ECS</Filter>
    </ClInclude>
    <ClInclude Include="BackgroundComponent.h">
      <Filter>Header Files\ECS</Filter>
    </ClInclude>
    <ClInclude Include="Animation.h">
      <Filter>Header Files</Filter>
    </ClInclude>
    <ClInclude Include="Collision.h">
      <Filter>Header Files</Filter>
    </ClInclude>
    <ClInclude Include="PlayerComponent.h">
      <Filter>Header Files\ECS</Filter>
    </ClInclude>
    <ClInclude Include="Attack.h">
      <Filter>Header Files</Filter>
    </ClInclude>
    <ClInclude Include="GameState.h">
      <Filter>Header Files</Filter>
    </ClInclude>
    <ClInclude Include="CursorComponent.h">
      <Filter>Header Files\ECS</Filter>
    </ClInclude>
    <ClInclude Include="BoxComponent.h">
      <Filter>Header Files\ECS</Filter>
    </ClInclude>
    <ClInclude Include="Menu.h">
      <Filter>Header Files</Filter>
    </ClInclude>
    <ClInclude Include="Combat.h">
      <Filter>Header Files</Filter>
    </ClInclude>
    <ClInclude Include="Character.h">
      <Filter>Header Files</Filter>
    </ClInclude>
    <ClInclude Include="TTFComponent.h">
      <Filter>Header Files\ECS</Filter>
    </ClInclude>
    <ClInclude Include="Controller.h">
      <Filter>Header Files</Filter>
    </ClInclude>
    <ClInclude Include="ControllerConstants.h">
      <Filter>Header Files</Filter>
    </ClInclude>
    <ClInclude Include="Options.h">
      <Filter>Header Files</Filter>
    </ClInclude>
    <ClInclude Include="OptionsComponent.h">
      <Filter>Header Files\ECS</Filter>
    </ClInclude>
    <ClInclude Include="OptionLinks.h">
      <Filter>Header Files</Filter>
    </ClInclude>
    <ClInclude Include="OptionsConstants.h">
      <Filter>Header Files</Filter>
    </ClInclude>
    <ClInclude Include="MenuComponent.h">
      <Filter>Header Files\ECS</Filter>
    </ClInclude>
    <ClInclude Include="ColliderComponent.h">
      <Filter>Header Files\ECS</Filter>
    </ClInclude>
    <ClInclude Include="GlyphAtlasComponent.h">
      <Filter>Header Files\ECS</Filter>
    </ClInclude>
    <ClInclude Include="Timer.h">
      <Filter>Header Files</Filter>
    </ClInclude>
    <ClInclude Include="EndOfRound.h">
      <Filter>Header Files</Filter>
    </ClInclude>
    <ClInclude Include="Background.h">
      <Filter>Header Files</Filter>
    </ClInclude>
    <ClInclude Include="EndOfRound.h">
      <Filter>Header Files</Filter>
    </ClInclude>
    <ClInclude Include="PromptComponent.h">
      <Filter>Header Files\ECS</Filter>
    </ClInclude>
    <ClInclude Include="MusicProcesses.h">
      <Filter>Header Files\Processes</Filter>
    </ClInclude>
    <ClInclude Include="CombatProcesses.h">
      <Filter>Header Files\Processes</Filter>
    </ClInclude>
    <ClInclude Include="CommonProcesses.h">
      <Filter>Header Files\Processes</Filter>
    </ClInclude>
    <ClInclude Include="Processes.h">
      <Filter>Header Files\Processes</Filter>
    </ClInclude>
    <ClInclude Include="Process.h">
      <Filter>Header Files\Processes</Filter>
    </ClInclude>
    <ClInclude Include="TransformationProcesses.h">
      <Filter>Header Files\Processes</Filter>
    </ClInclude>
    <ClInclude Include="LinkCommands.h">
      <Filter>Header Files\Commands</Filter>
    </ClInclude>
    <ClInclude Include="Command.h">
      <Filter>Header Files\Commands</Filter>
    </ClInclude>
    <ClInclude Include="ControllerCommands.h">
      <Filter>Header Files\Commands</Filter>
    </ClInclude>
    <ClInclude Include="GameSettings.h">
      <Filter>Header Files</Filter>
    </ClInclude>
    <ClInclude Include="TextureComponent.h">
      <Filter>Header Files\ECS</Filter>
    </ClInclude>
    <ClInclude Include="MultiTextureComponent.h">
      <Filter>Header Files\ECS</Filter>
    </ClInclude>
    <ClInclude Include="CombatProcessor.h">
      <Filter>Header Files\Processes</Filter>
    </ClInclude>
    <ClInclude Include="BitmapTexture.h">
      <Filter>Header Files</Filter>
    </ClInclude>
    <ClInclude Include="BitmapFont.h">
      <Filter>Header Files</Filter>
    </ClInclude>
  </ItemGroup>
  <ItemGroup>
    <ClCompile Include="stdafx.cpp">
      <Filter>Source Files</Filter>
    </ClCompile>
    <ClCompile Include="Game.cpp">
      <Filter>Source Files</Filter>
    </ClCompile>
    <ClCompile Include="TextureManager.cpp">
      <Filter>Source Files</Filter>
    </ClCompile>
    <ClCompile Include="AssetManager.cpp">
      <Filter>Source Files</Filter>
    </ClCompile>
    <ClCompile Include="Vector2D.cpp">
      <Filter>Source Files</Filter>
    </ClCompile>
    <ClCompile Include="ECS.cpp">
      <Filter>Header Files\ECS</Filter>
    </ClCompile>
    <ClCompile Include="Collision.cpp">
      <Filter>Source Files</Filter>
    </ClCompile>
    <ClCompile Include="Combat.cpp">
      <Filter>Source Files</Filter>
    </ClCompile>
    <ClCompile Include="Menu.cpp">
      <Filter>Source Files</Filter>
    </ClCompile>
    <ClCompile Include="Timer.cpp">
      <Filter>Source Files</Filter>
    </ClCompile>
    <ClCompile Include="EndOfRound.cpp">
      <Filter>Source Files</Filter>
    </ClCompile>
    <ClCompile Include="Background.cpp">
      <Filter>Source Files</Filter>
    </ClCompile>
    <ClCompile Include="Main.cpp">
      <Filter>Source Files</Filter>
    </ClCompile>
    <ClCompile Include="CombatProcesses.cpp">
      <Filter>Header Files\Processes</Filter>
    </ClCompile>
    <ClCompile Include="BitmapTexture.cpp">
      <Filter>Source Files</Filter>
    </ClCompile>
    <ClCompile Include="BitmapFont.cpp">
      <Filter>Source Files</Filter>
    </ClCompile>
  </ItemGroup>
  <ItemGroup>
    <Image Include="Background.png">
      <Filter>Resource Files</Filter>
    </Image>
    <Image Include="Fighter.png">
      <Filter>Resource Files</Filter>
    </Image>
    <Image Include="Fighter_full.png">
      <Filter>Resource Files</Filter>
    </Image>
    <Image Include="backgroundTake2.png">
      <Filter>Resource Files</Filter>
    </Image>
    <Image Include="hipsterBackground.png">
      <Filter>Resource Files</Filter>
    </Image>
    <Image Include="backgroundTake3.png">
      <Filter>Resource Files</Filter>
    </Image>
    <Image Include="backgroundTake4.png">
      <Filter>Resource Files</Filter>
    </Image>
    <Image Include="LongArms_full.png">
      <Filter>Resource Files</Filter>
    </Image>
    <Image Include="square_full.png">
      <Filter>Resource Files</Filter>
    </Image>
    <Image Include="textbox.png">
      <Filter>Resource Files</Filter>
    </Image>
    <Image Include="Title_screen.png">
      <Filter>Resource Files</Filter>
    </Image>
    <Image Include="cursor.png">
      <Filter>Resource Files</Filter>
    </Image>
    <Image Include="Background_take5.png">
      <Filter>Resource Files</Filter>
    </Image>
    <Image Include="lazyfont.png">
      <Filter>Resource Files</Filter>
    </Image>
    <Image Include="atlas_sample.png">
      <Filter>Resource Files</Filter>
    </Image>
    <Image Include="player1matchwin.png">
      <Filter>Resource Files</Filter>
    </Image>
    <Image Include="player1wins.png">
      <Filter>Resource Files</Filter>
    </Image>
    <Image Include="player2matchwin.png">
      <Filter>Resource Files</Filter>
    </Image>
    <Image Include="player2wins.png">
      <Filter>Resource Files</Filter>
    </Image>
    <Image Include="Round.png">
      <Filter>Resource Files</Filter>
    </Image>
    <Image Include="selectattack.png">
      <Filter>Resource Files</Filter>
    </Image>
    <Image Include="numbers.png">
      <Filter>Resource Files</Filter>
    </Image>
    <Image Include="western industrial.jpg">
      <Filter>Resource Files</Filter>
    </Image>
    <Image Include="miss.png">
      <Filter>Resource Files</Filter>
    </Image>
    <Image Include="stop.png">
      <Filter>Resource Files</Filter>
    </Image>
  </ItemGroup>
  <ItemGroup>
    <Font Include="GIL_____.TTF">
      <Filter>Resource Files</Filter>
    </Font>
  </ItemGroup>
</Project>